
Microsoft Visual Studio Solution File, Format Version 12.00
# Visual Studio Version 16
VisualStudioVersion = 16.0.33529.622
MinimumVisualStudioVersion = 10.0.40219.1
Project("{FAE04EC0-301F-11D3-BF4B-00C04F79EFBC}") = "EjerciciosOpenbootcamp", "EjerciciosOpenbootcamp\EjerciciosOpenbootcamp.csproj", "{A5C639A9-FA59-4E59-9556-201DED63429B}"
EndProject
Global
	GlobalSection(SolutionConfigurationPlatforms) = preSolution
		Debug|Any CPU = Debug|Any CPU
		Release|Any CPU = Release|Any CPU
	EndGlobalSection
	GlobalSection(ProjectConfigurationPlatforms) = postSolution
		{A5C639A9-FA59-4E59-9556-201DED63429B}.Debug|Any CPU.ActiveCfg = Debug|Any CPU
		{A5C639A9-FA59-4E59-9556-201DED63429B}.Debug|Any CPU.Build.0 = Debug|Any CPU
		{A5C639A9-FA59-4E59-9556-201DED63429B}.Release|Any CPU.ActiveCfg = Release|Any CPU
		{A5C639A9-FA59-4E59-9556-201DED63429B}.Release|Any CPU.Build.0 = Release|Any CPU
	EndGlobalSection
	GlobalSection(SolutionProperties) = preSolution
		HideSolutionNode = FALSE
	EndGlobalSection
	GlobalSection(ExtensibilityGlobals) = postSolution
		SolutionGuid = {B30D3C2D-7F80-4DBF-B672-3825DC0E8A03}
	EndGlobalSection
EndGlobal
